
Microsoft Visual Studio Solution File, Format Version 12.00
# Visual Studio 2012
Project("{FAE04EC0-301F-11D3-BF4B-00C04F79EFBC}") = "JesperSamuel", "JesperSamuel\JesperSamuel.csproj", "{DBF19513-8139-47D6-B7C9-B7A19151039F}"
EndProject
Project("{FAE04EC0-301F-11D3-BF4B-00C04F79EFBC}") = "MelloLibrary", "JesperLibrary\MelloLibrary.csproj", "{5485474A-8BEB-4A84-B3A3-1F31C69E9F0A}"
EndProject
Project("{FAE04EC0-301F-11D3-BF4B-00C04F79EFBC}") = "JesperTest", "ConsoleApplication1\JesperTest.csproj", "{93492CFF-F1AD-43C5-BE65-557F3A28DF0F}"
EndProject
Project("{FAE04EC0-301F-11D3-BF4B-00C04F79EFBC}") = "NewspaperLibrary", "NewspaperLibrary\NewspaperLibrary.csproj", "{2A4A25F6-683D-4B31-908D-8C901A5D327E}"
EndProject
Project("{2150E333-8FDC-42A3-9474-1A3956D46DE8}") = "Solution Items", "Solution Items", "{48B40AE2-806B-4B04-AF3A-21E27559BBD3}"
	ProjectSection(SolutionItems) = preProject
		Competition.txt = Competition.txt
		Newspapers.txt = Newspapers.txt
	EndProjectSection
EndProject
Project("{FAE04EC0-301F-11D3-BF4B-00C04F79EFBC}") = "SamuelTest", "ConsoleApplication2\SamuelTest.csproj", "{D4162565-B864-437A-B3B3-30D1B5BB236E}"
EndProject
Project("{FAE04EC0-301F-11D3-BF4B-00C04F79EFBC}") = "WebLibrary", "WebLibrary\WebLibrary.csproj", "{05504B6D-BF9B-4E7E-AC82-23F376BCF45D}"
EndProject
Global
	GlobalSection(SolutionConfigurationPlatforms) = preSolution
		Debug|Any CPU = Debug|Any CPU
		Release|Any CPU = Release|Any CPU
	EndGlobalSection
	GlobalSection(ProjectConfigurationPlatforms) = postSolution
		{DBF19513-8139-47D6-B7C9-B7A19151039F}.Debug|Any CPU.ActiveCfg = Debug|Any CPU
		{DBF19513-8139-47D6-B7C9-B7A19151039F}.Debug|Any CPU.Build.0 = Debug|Any CPU
		{DBF19513-8139-47D6-B7C9-B7A19151039F}.Release|Any CPU.ActiveCfg = Release|Any CPU
		{DBF19513-8139-47D6-B7C9-B7A19151039F}.Release|Any CPU.Build.0 = Release|Any CPU
		{5485474A-8BEB-4A84-B3A3-1F31C69E9F0A}.Debug|Any CPU.ActiveCfg = Debug|Any CPU
		{5485474A-8BEB-4A84-B3A3-1F31C69E9F0A}.Debug|Any CPU.Build.0 = Debug|Any CPU
		{5485474A-8BEB-4A84-B3A3-1F31C69E9F0A}.Release|Any CPU.ActiveCfg = Release|Any CPU
		{5485474A-8BEB-4A84-B3A3-1F31C69E9F0A}.Release|Any CPU.Build.0 = Release|Any CPU
		{93492CFF-F1AD-43C5-BE65-557F3A28DF0F}.Debug|Any CPU.ActiveCfg = Debug|Any CPU
		{93492CFF-F1AD-43C5-BE65-557F3A28DF0F}.Debug|Any CPU.Build.0 = Debug|Any CPU
		{93492CFF-F1AD-43C5-BE65-557F3A28DF0F}.Release|Any CPU.ActiveCfg = Release|Any CPU
		{93492CFF-F1AD-43C5-BE65-557F3A28DF0F}.Release|Any CPU.Build.0 = Release|Any CPU
		{2A4A25F6-683D-4B31-908D-8C901A5D327E}.Debug|Any CPU.ActiveCfg = Debug|Any CPU
		{2A4A25F6-683D-4B31-908D-8C901A5D327E}.Debug|Any CPU.Build.0 = Debug|Any CPU
		{2A4A25F6-683D-4B31-908D-8C901A5D327E}.Release|Any CPU.ActiveCfg = Release|Any CPU
		{2A4A25F6-683D-4B31-908D-8C901A5D327E}.Release|Any CPU.Build.0 = Release|Any CPU
		{D4162565-B864-437A-B3B3-30D1B5BB236E}.Debug|Any CPU.ActiveCfg = Debug|Any CPU
		{D4162565-B864-437A-B3B3-30D1B5BB236E}.Debug|Any CPU.Build.0 = Debug|Any CPU
		{D4162565-B864-437A-B3B3-30D1B5BB236E}.Release|Any CPU.ActiveCfg = Release|Any CPU
		{D4162565-B864-437A-B3B3-30D1B5BB236E}.Release|Any CPU.Build.0 = Release|Any CPU
		{05504B6D-BF9B-4E7E-AC82-23F376BCF45D}.Debug|Any CPU.ActiveCfg = Debug|Any CPU
		{05504B6D-BF9B-4E7E-AC82-23F376BCF45D}.Debug|Any CPU.Build.0 = Debug|Any CPU
		{05504B6D-BF9B-4E7E-AC82-23F376BCF45D}.Release|Any CPU.ActiveCfg = Release|Any CPU
		{05504B6D-BF9B-4E7E-AC82-23F376BCF45D}.Release|Any CPU.Build.0 = Release|Any CPU
	EndGlobalSection
	GlobalSection(SolutionProperties) = preSolution
		HideSolutionNode = FALSE
	EndGlobalSection
EndGlobal
